{
  "lockfile_version": "1",
  "packages": {
    "buf@latest": {
      "last_modified": "2026-07-08T21:13:06Z",
      "resolved": "github:NixOS/nixpkgs/389ed85304b281ca7f306cf8a1eb4378651ca44e#buf",
      "source": "devbox-search",
      "version": "1.71.0",
      "systems": {
        "aarch64-darwin": {
          "outputs": [
            {
              "name": "out",
              "path": "/nix/store/fw5ncc25cx51aizphr3nab4xp5452sxi-buf-1.71.0",
              "default": true
            }
          ],
          "store_path": "/nix/store/fw5ncc25cx51aizphr3nab4xp5452sxi-buf-1.71.0"
        },
        "aarch64-linux": {
          "outputs": [
            {
              "name": "out",
              "path": "/nix/store/86shvci7b7l1n5s94nvig3n7lanp35i3-buf-1.71.0",
              "default": true
            }
          ],
          "store_path": "/nix/store/86shvci7b7l1n5s94nvig3n7lanp35i3-buf-1.71.0"
        },
        "x86_64-darwin": {
          "outputs": [
            {
              "name": "out",
              "path": "/nix/store/6iipkkpyxq356qc5gx4zwhswdqxa6yw1-buf-1.71.0",
              "default": true
            }
          ],
          "store_path": "/nix/store/6iipkkpyxq356qc5gx4zwhswdqxa6yw1-buf-1.71.0"
        },
        "x86_64-linux": {
          "outputs": [
            {
              "name": "out",
              "path": "/nix/store/indyqx7fddvaag25gy3bldlp5z93qy1k-buf-1.71.0",
              "default": true
            }
          ],
          "store_path": "/nix/store/indyqx7fddvaag25gy3bldlp5z93qy1k-buf-1.71.0"
        }
      }
    },
    "github:NixOS/nixpkgs/nixpkgs-unstable": {
      "last_modified": "2026-07-23T13:11:22Z",
      "resolved": "github:NixOS/nixpkgs/6d12004108e0e4a5cfa4bd83b14477f040b15773?lastModified=1784812282&narHash=sha256-Na4aTmdz22ovtSvcvNKaRwEWkg801hDyX6t8JqvW%2BsE%3D"
    },
    "go@latest": {
      "last_modified": "2026-07-08T21:13:06Z",
      "resolved": "github:NixOS/nixpkgs/389ed85304b281ca7f306cf8a1eb4378651ca44e#go",
      "source": "devbox-search",
      "version": "1.26.4",
      "systems": {
        "aarch64-darwin": {
          "outputs": [
            {
              "name": "out",
              "path": "/nix/store/38idfbqyw3p8xaslv6bnrig62pj7qy6i-go-1.26.4",
              "default": true
            }
          ],
          "store_path": "/nix/store/38idfbqyw3p8xaslv6bnrig62pj7qy6i-go-1.26.4"
        },
        "aarch64-linux": {
          "outputs": [
            {
              "name": "out",
              "path": "/nix/store/z8b7c0h6g8dnv6vlxh7fha1d66krvgn9-go-1.26.4",
              "default": true
            }
          ],
          "store_path": "/nix/store/z8b7c0h6g8dnv6vlxh7fha1d66krvgn9-go-1.26.4"
        },
        "x86_64-darwin": {
          "outputs": [
            {
              "name": "out",
              "path": "/nix/store/h0z6ghmi3cihlbm163d72xs9p9nn04a1-go-1.26.4",
              "default": true
            }
          ],
          "store_path": "/nix/store/h0z6ghmi3cihlbm163d72xs9p9nn04a1-go-1.26.4"
        },
        "x86_64-linux": {
          "outputs": [
            {
              "name": "out",
              "path": "/nix/store/1xklj6dmgcpgz60c9w2ynaq7ynzfsrrq-go-1.26.4",
              "default": true
            }
          ],
          "store_path": "/nix/store/1xklj6dmgcpgz60c9w2ynaq7ynzfsrrq-go-1.26.4"
        }
      }
    },
    "nodejs@24": {
      "last_modified": "2025-12-27T12:56:01Z",
      "plugin_version": "0.0.4",
      "resolved": "github:NixOS/nixpkgs/3edc4a30ed3903fdf6f90c837f961fa6b49582d1#nodejs_24",
      "source": "devbox-search",
      "version": "24.12.0",
      "systems": {
        "aarch64-darwin": {
          "outputs": [
            {
              "name": "out",
              "path": "/nix/store/b1h0af3yb3z9jz048phclcqw6ihiww67-nodejs-24.12.0",
              "default": true
            },
            {
              "name": "dev",
              "path": "/nix/store/ksn4nj0nbp0ikmh4scy9x4biqqdswwhy-nodejs-24.12.0-dev"
            },
            {
              "name": "libv8",
              "path": "/nix/store/3x72bm7l30ib7l7cximrp0sklcq8jqwy-nodejs-24.12.0-libv8"
            }
          ],
          "store_path": "/nix/store/b1h0af3yb3z9jz048phclcqw6ihiww67-nodejs-24.12.0"
        },
        "aarch64-linux": {
          "outputs": [
            {
              "name": "out",
              "path": "/nix/store/9jfsyhcr9c6rpm94lrkibv75jkggvwss-nodejs-24.12.0",
              "default": true
            },
            {
              "name": "dev",
              "path": "/nix/store/7izhv9x1yvsmyrhmmyps6bxjjclajm80-nodejs-24.12.0-dev"
            },
            {
              "name": "libv8",
              "path": "/nix/store/8hl74pnc1qyz68rg10ixw7fz32hcxqkk-nodejs-24.12.0-libv8"
            }
          ],
          "store_path": "/nix/store/9jfsyhcr9c6rpm94lrkibv75jkggvwss-nodejs-24.12.0"
        },
        "x86_64-darwin": {
          "outputs": [
            {
              "name": "out",
              "path": "/nix/store/cj1243xswxvnwgifyiyg8axhn0r2vl48-nodejs-24.12.0",
              "default": true
            },
            {
              "name": "dev",
              "path": "/nix/store/kzia3rkaf9vwpn3py23q9v49jpjm6zx7-nodejs-24.12.0-dev"
            },
            {
              "name": "libv8",
              "path": "/nix/store/xszji81xj7ghjhz7jk0jkhb84nfwyd8f-nodejs-24.12.0-libv8"
            }
          ],
          "store_path": "/nix/store/cj1243xswxvnwgifyiyg8axhn0r2vl48-nodejs-24.12.0"
        },
        "x86_64-linux": {
          "outputs": [
            {
              "name": "out",
              "path": "/nix/store/9z1v3wyrxp6fpyzw21lcakd5w7aknzyc-nodejs-24.12.0",
              "default": true
            },
            {
              "name": "libv8",
              "path": "/nix/store/5yvx909wlis13qd2y1ahwl7ij21ma69a-nodejs-24.12.0-libv8"
            },
            {
              "name": "dev",
              "path": "/nix/store/7ll99p08gmpg0n048669p80zjibl5akr-nodejs-24.12.0-dev"
            }
          ],
          "store_path": "/nix/store/9z1v3wyrxp6fpyzw21lcakd5w7aknzyc-nodejs-24.12.0"
        }
      }
    },
    "tinygo@latest": {
      "last_modified": "2026-07-13T16:51:43Z",
      "resolved": "github:NixOS/nixpkgs/8431ff8a526bba781b711db7ae58ad0e49c38e35#tinygo",
      "source": "devbox-search",
      "version": "0.41.1",
      "systems": {
        "aarch64-darwin": {
          "outputs": [
            {
              "name": "out",
              "path": "/nix/store/1f634r39gqz48cf7zx4kf6i95wi2p6r4-tinygo-0.41.1",
              "default": true
            }
          ],
          "store_path": "/nix/store/1f634r39gqz48cf7zx4kf6i95wi2p6r4-tinygo-0.41.1"
        },
        "aarch64-linux": {
          "outputs": [
            {
              "name": "out",
              "path": "/nix/store/rmqim927r3sj9a821xrmbpv8l1yns116-tinygo-0.41.1",
              "default": true
            }
          ],
          "store_path": "/nix/store/rmqim927r3sj9a821xrmbpv8l1yns116-tinygo-0.41.1"
        },
        "x86_64-darwin": {
          "outputs": [
            {
              "name": "out",
              "path": "/nix/store/3dx8c6p1wbcnl22rrm1zbhhrmhmyr6c9-tinygo-0.41.1",
              "default": true
            }
          ],
          "store_path": "/nix/store/3dx8c6p1wbcnl22rrm1zbhhrmhmyr6c9-tinygo-0.41.1"
        },
        "x86_64-linux": {
          "outputs": [
            {
              "name": "out",
              "path": "/nix/store/c0rhwpasyx60lwsrxb58xv0q2zkv5yvg-tinygo-0.41.1",
              "default": true
            }
          ],
          "store_path": "/nix/store/c0rhwpasyx60lwsrxb58xv0q2zkv5yvg-tinygo-0.41.1"
        }
      }
    },
    "wasm-tools@latest": {
      "last_modified": "2026-07-11T07:21:12Z",
      "resolved": "github:NixOS/nixpkgs/770b9bbb84018993c8f009d437fff6c2e3077037#wasm-tools",
      "source": "devbox-search",
      "version": "1.253.0",
      "systems": {
        "aarch64-darwin": {
          "outputs": [
            {
              "name": "out",
              "path": "/nix/store/81x2yil04rpa7dzqxji572c41zz7nyxb-wasm-tools-1.253.0",
              "default": true
            }
          ],
          "store_path": "/nix/store/81x2yil04rpa7dzqxji572c41zz7nyxb-wasm-tools-1.253.0"
        },
        "aarch64-linux": {
          "outputs": [
            {
              "name": "out",
              "path": "/nix/store/3hghyha9rdbikz7iqpy3bkv57mlmvcib-wasm-tools-1.253.0",
              "default": true
            }
          ],
          "store_path": "/nix/store/3hghyha9rdbikz7iqpy3bkv57mlmvcib-wasm-tools-1.253.0"
        },
        "x86_64-linux": {
          "outputs": [
            {
              "name": "out",
              "path": "/nix/store/fi0rnkvh6dlmk6cz345s7bgw12z9q6hp-wasm-tools-1.253.0",
              "default": true
            }
          ],
          "store_path": "/nix/store/fi0rnkvh6dlmk6cz345s7bgw12z9q6hp-wasm-tools-1.253.0"
        }
      }
    },
    "wasmtime@latest": {
      "last_modified": "2026-07-16T04:38:10Z",
      "resolved": "github:NixOS/nixpkgs/6368bc923cec55a5f78960ade0cb4dd99580e087#wasmtime",
      "source": "devbox-search",
      "version": "46.0.1",
      "systems": {
        "aarch64-darwin": {
          "outputs": [
            {
              "name": "out",
              "path": "/nix/store/b7jw13xalaqwr1lfxmqfy90i5d3ijny4-wasmtime-46.0.1",
              "default": true
            },
            {
              "name": "dev",
              "path": "/nix/store/jq7wf1ckkpksdpyqlwlm60ivzmdfyicx-wasmtime-46.0.1-dev"
            },
            {
              "name": "lib",
              "path": "/nix/store/6dh91qv4s8wmwkrbz0h9fx5wxpjr2k0h-wasmtime-46.0.1-lib"
            }
          ],
          "store_path": "/nix/store/b7jw13xalaqwr1lfxmqfy90i5d3ijny4-wasmtime-46.0.1"
        },
        "aarch64-linux": {
          "outputs": [
            {
              "name": "out",
              "path": "/nix/store/zrn1jqgj10k53kcrwpjiqrcr6lw5rr3m-wasmtime-46.0.1",
              "default": true
            },
            {
              "name": "dev",
              "path": "/nix/store/kcxfm2f26zhsbdmyq50cdwdnhfzg7mbi-wasmtime-46.0.1-dev"
            },
            {
              "name": "lib",
              "path": "/nix/store/p0j3bnkgpd5i1w1b9bg2ffxhcdrd90if-wasmtime-46.0.1-lib"
            }
          ],
          "store_path": "/nix/store/zrn1jqgj10k53kcrwpjiqrcr6lw5rr3m-wasmtime-46.0.1"
        },
        "x86_64-darwin": {
          "outputs": [
            {
              "name": "out",
              "path": "/nix/store/p7vl3yc7w67vipjsrd2hx49aaigp77cb-wasmtime-46.0.1",
              "default": true
            },
            {
              "name": "dev",
              "path": "/nix/store/kc8drfy6nqph3fp259jafzqn8agq9b3x-wasmtime-46.0.1-dev"
            },
            {
              "name": "lib",
              "path": "/nix/store/9ry8r9zpvcfl13gc4n748xxjc3qs2m3h-wasmtime-46.0.1-lib"
            }
          ],
          "store_path": "/nix/store/p7vl3yc7w67vipjsrd2hx49aaigp77cb-wasmtime-46.0.1"
        },
        "x86_64-linux": {
          "outputs": [
            {
              "name": "out",
              "path": "/nix/store/86p5p8zp581r0xbmsxj7vcmvzwx5vw3x-wasmtime-46.0.1",
              "default": true
            },
            {
              "name": "lib",
              "path": "/nix/store/xvkspl7cvdyv1y8j8kkhd13vzqcqyyld-wasmtime-46.0.1-lib"
            },
            {
              "name": "dev",
              "path": "/nix/store/2qwcyhvdlm1iha3vmla5nprr73a72rxg-wasmtime-46.0.1-dev"
            }
          ],
          "store_path": "/nix/store/86p5p8zp581r0xbmsxj7vcmvzwx5vw3x-wasmtime-46.0.1"
        }
      }
    }
  }
}
