# method_id lock — generated by protoc-gen-dlc-registry. COMMIT THIS FILE.
# Each line is a permanent wire id. A change here is a breaking change.
notes.v1.NotesService.CreateRecord 10000
notes.v1.NotesService.DeleteRecord 10003
notes.v1.NotesService.ListRecords 10001
notes.v1.NotesService.OpenRecord 10002
notes.v1.NotesService.[reserved].10004 10004
notes.v1.NotesService.[reserved].10005 10005
