# method_id lock — generated by protoc-gen-dlc-registry. COMMIT THIS FILE.
# Each line is a permanent wire id. A change here is a breaking change.
devalbo.dlc.v1.DlcService.Echo 1001
devalbo.dlc.v1.DlcService.New 1000
devalbo.ilc.v1.PlatformService.ExportFs 100
devalbo.ilc.v1.PlatformService.ImportFs 101
devalbo.ilc.v1.PlatformService.ResetFs 102
devalbo.ilc.v1.PlatformService.Version 1
devalbo.optionsspike.v1.CommandsService.Add 2
devalbo.optionsspike.v1.CommandsService.Greet 1
