# method_id lock — generated by protoc-gen-dlc-registry. COMMIT THIS FILE.
# Each line is a permanent wire id. A change here is a breaking change.
devalbo.dlc.v1.DlcService.Echo 9001
devalbo.dlc.v1.DlcService.New 9000
devalbo.dlc.v1.ToolchainService.[reserved].9103 9103
devalbo.dlc.v1.ToolchainService.[reserved].9104 9104
devalbo.dlc.v1.ToolchainService.[reserved].9105 9105
devalbo.dlc.v1.ToolchainService.[reserved].9106 9106
